<?xml version="1.0" encoding="utf-8"?>
<Project ToolsVersion="4.0" xmlns="http://schemas.microsoft.com/developer/msbuild/2003">
  <ItemGroup>
    <Filter Include="소스 파일">
      <UniqueIdentifier>{4FC737F1-C7A5-4376-A066-2A32D752A2FF}</UniqueIdentifier>
      <Extensions>cpp;c;cc;cxx;def;odl;idl;hpj;bat;asm;asmx</Extensions>
    </Filter>
    <Filter Include="헤더 파일">
      <UniqueIdentifier>{93995380-89BD-4b04-88EB-625FBE52EBFB}</UniqueIdentifier>
      <Extensions>h;hh;hpp;hxx;hm;inl;inc;ipp;xsd</Extensions>
    </Filter>
    <Filter Include="리소스 파일">
      <UniqueIdentifier>{67DA6AB6-F800-4c08-8B7A-83BB121AAD01}</UniqueIdentifier>
      <Extensions>rc;ico;cur;bmp;dlg;rc2;rct;bin;rgs;gif;jpg;jpeg;jpe;resx;tiff;tif;png;wav;mfcribbon-ms</Extensions>
    </Filter>
    <Filter Include="소스 파일\클래스">
      <UniqueIdentifier>{81d8c2ad-bce1-48d9-b3a6-a0646f74c43b}</UniqueIdentifier>
    </Filter>
    <Filter Include="소스 파일\클래스\Printer">
      <UniqueIdentifier>{37cde134-7497-4e2c-9286-16076647e9a6}</UniqueIdentifier>
    </Filter>
    <Filter Include="소스 파일\클래스\Printer\sub">
      <UniqueIdentifier>{99d57bd6-633d-4122-a073-b02d33efa858}</UniqueIdentifier>
    </Filter>
    <Filter Include="소스 파일\클래스\ChartData">
      <UniqueIdentifier>{dccd6c80-ef51-4764-b3fa-72d422207d26}</UniqueIdentifier>
    </Filter>
    <Filter Include="리소스 파일\open source parser">
      <UniqueIdentifier>{9fb62957-4971-4929-b1dd-f396a8d8352a}</UniqueIdentifier>
    </Filter>
  </ItemGroup>
  <ItemGroup>
    <ClCompile Include="..\..\code\Observer Pattern\observer_main.cpp">
      <Filter>소스 파일</Filter>
    </ClCompile>
    <ClCompile Include="..\..\code\Observer Pattern\class\SongPrinter.cpp">
      <Filter>소스 파일\클래스\Printer\sub</Filter>
    </ClCompile>
    <ClCompile Include="..\..\code\Observer Pattern\class\ArtistPrinter.cpp">
      <Filter>소스 파일\클래스\Printer\sub</Filter>
    </ClCompile>
    <ClCompile Include="..\..\code\Observer Pattern\class\ChartData.cpp">
      <Filter>소스 파일\클래스\ChartData</Filter>
    </ClCompile>
    <ClCompile Include="..\..\code\Observer Pattern\extern tools\jsoncpp\jsoncpp.cpp">
      <Filter>리소스 파일\open source parser</Filter>
    </ClCompile>
  </ItemGroup>
  <ItemGroup>
    <ClInclude Include="..\..\code\Observer Pattern\observer_main.h">
      <Filter>헤더 파일</Filter>
    </ClInclude>
    <ClInclude Include="..\..\code\Observer Pattern\class\Subject.h">
      <Filter>소스 파일\클래스</Filter>
    </ClInclude>
    <ClInclude Include="..\..\code\Observer Pattern\class\interface_.h">
      <Filter>헤더 파일</Filter>
    </ClInclude>
    <ClInclude Include="..\..\code\Observer Pattern\class\Printer.h">
      <Filter>소스 파일\클래스\Printer</Filter>
    </ClInclude>
    <ClInclude Include="..\..\code\Observer Pattern\class\Observer.h">
      <Filter>소스 파일\클래스</Filter>
    </ClInclude>
    <ClInclude Include="..\..\code\Observer Pattern\class\ArtistPrinter.h">
      <Filter>소스 파일\클래스\Printer\sub</Filter>
    </ClInclude>
    <ClInclude Include="..\..\code\Observer Pattern\class\SongPrinter.h">
      <Filter>소스 파일\클래스\Printer\sub</Filter>
    </ClInclude>
    <ClInclude Include="..\..\code\Observer Pattern\class\ChartData.h">
      <Filter>소스 파일\클래스\ChartData</Filter>
    </ClInclude>
    <ClInclude Include="..\..\code\Observer Pattern\extern tools\jsoncpp\json\json.h">
      <Filter>리소스 파일\open source parser</Filter>
    </ClInclude>
    <ClInclude Include="..\..\code\Observer Pattern\extern tools\jsoncpp\json\json-forwards.h">
      <Filter>리소스 파일\open source parser</Filter>
    </ClInclude>
  </ItemGroup>
</Project>